
Microsoft Visual Studio Solution File, Format Version 12.00
# Visual Studio Version 16
VisualStudioVersion = 16.0.30717.126
MinimumVisualStudioVersion = 10.0.40219.1
Project("{FAE04EC0-301F-11D3-BF4B-00C04F79EFBC}") = "FizzBuzz", "FizzBuzz\FizzBuzz.csproj", "{9ABC4929-F4ED-46C8-9832-C27BF9A728A1}"
EndProject
Project("{FAE04EC0-301F-11D3-BF4B-00C04F79EFBC}") = "FizzBuzz_CL", "FizzBuzz_CL\FizzBuzz_CL.csproj", "{53A5166B-DCBB-4E68-948B-871B1FCC6BD1}"
EndProject
Project("{FAE04EC0-301F-11D3-BF4B-00C04F79EFBC}") = "FizzBuzz_UnitTest", "FizzBuzz_UnitTest\FizzBuzz_UnitTest.csproj", "{882884A1-31F8-4254-ABDB-A0D0276CF19B}"
EndProject
Global
	GlobalSection(SolutionConfigurationPlatforms) = preSolution
		Debug|Any CPU = Debug|Any CPU
		Release|Any CPU = Release|Any CPU
	EndGlobalSection
	GlobalSection(ProjectConfigurationPlatforms) = postSolution
		{9ABC4929-F4ED-46C8-9832-C27BF9A728A1}.Debug|Any CPU.ActiveCfg = Debug|Any CPU
		{9ABC4929-F4ED-46C8-9832-C27BF9A728A1}.Debug|Any CPU.Build.0 = Debug|Any CPU
		{9ABC4929-F4ED-46C8-9832-C27BF9A728A1}.Release|Any CPU.ActiveCfg = Release|Any CPU
		{9ABC4929-F4ED-46C8-9832-C27BF9A728A1}.Release|Any CPU.Build.0 = Release|Any CPU
		{53A5166B-DCBB-4E68-948B-871B1FCC6BD1}.Debug|Any CPU.ActiveCfg = Debug|Any CPU
		{53A5166B-DCBB-4E68-948B-871B1FCC6BD1}.Debug|Any CPU.Build.0 = Debug|Any CPU
		{53A5166B-DCBB-4E68-948B-871B1FCC6BD1}.Release|Any CPU.ActiveCfg = Release|Any CPU
		{53A5166B-DCBB-4E68-948B-871B1FCC6BD1}.Release|Any CPU.Build.0 = Release|Any CPU
		{882884A1-31F8-4254-ABDB-A0D0276CF19B}.Debug|Any CPU.ActiveCfg = Debug|Any CPU
		{882884A1-31F8-4254-ABDB-A0D0276CF19B}.Debug|Any CPU.Build.0 = Debug|Any CPU
		{882884A1-31F8-4254-ABDB-A0D0276CF19B}.Release|Any CPU.ActiveCfg = Release|Any CPU
		{882884A1-31F8-4254-ABDB-A0D0276CF19B}.Release|Any CPU.Build.0 = Release|Any CPU
	EndGlobalSection
	GlobalSection(SolutionProperties) = preSolution
		HideSolutionNode = FALSE
	EndGlobalSection
	GlobalSection(ExtensibilityGlobals) = postSolution
		SolutionGuid = {7D6FD58C-648D-42FA-ABC5-E2B3C63A5485}
	EndGlobalSection
EndGlobal
